
Microsoft Visual Studio Solution File, Format Version 12.00
# Visual Studio 15
VisualStudioVersion = 15.0.26124.0
MinimumVisualStudioVersion = 15.0.26124.0
Project("{2150E333-8FDC-42A3-9474-1A3956D46DE8}") = "src", "src", "{CE5D1DA7-A095-4F69-95BE-CEC80B90905D}"
EndProject
Project("{FAE04EC0-301F-11D3-BF4B-00C04F79EFBC}") = "CommandAPI", "src\CommandAPI\CommandAPI.csproj", "{0E74CE60-51BB-4904-9632-1B1C9208CA88}"
EndProject
Project("{2150E333-8FDC-42A3-9474-1A3956D46DE8}") = "test", "test", "{50DD8049-382C-4693-BE0C-3AE0C9C61283}"
EndProject
Project("{FAE04EC0-301F-11D3-BF4B-00C04F79EFBC}") = "CommandAPI.Tests", "test\CommandAPI.Tests\CommandAPI.Tests.csproj", "{60B7F7E6-F74C-45C9-926B-9B84CEF2A505}"
EndProject
Global
	GlobalSection(SolutionConfigurationPlatforms) = preSolution
		Debug|Any CPU = Debug|Any CPU
		Debug|x64 = Debug|x64
		Debug|x86 = Debug|x86
		Release|Any CPU = Release|Any CPU
		Release|x64 = Release|x64
		Release|x86 = Release|x86
	EndGlobalSection
	GlobalSection(SolutionProperties) = preSolution
		HideSolutionNode = FALSE
	EndGlobalSection
	GlobalSection(ProjectConfigurationPlatforms) = postSolution
		{0E74CE60-51BB-4904-9632-1B1C9208CA88}.Debug|Any CPU.ActiveCfg = Debug|Any CPU
		{0E74CE60-51BB-4904-9632-1B1C9208CA88}.Debug|Any CPU.Build.0 = Debug|Any CPU
		{0E74CE60-51BB-4904-9632-1B1C9208CA88}.Debug|x64.ActiveCfg = Debug|Any CPU
		{0E74CE60-51BB-4904-9632-1B1C9208CA88}.Debug|x64.Build.0 = Debug|Any CPU
		{0E74CE60-51BB-4904-9632-1B1C9208CA88}.Debug|x86.ActiveCfg = Debug|Any CPU
		{0E74CE60-51BB-4904-9632-1B1C9208CA88}.Debug|x86.Build.0 = Debug|Any CPU
		{0E74CE60-51BB-4904-9632-1B1C9208CA88}.Release|Any CPU.ActiveCfg = Release|Any CPU
		{0E74CE60-51BB-4904-9632-1B1C9208CA88}.Release|Any CPU.Build.0 = Release|Any CPU
		{0E74CE60-51BB-4904-9632-1B1C9208CA88}.Release|x64.ActiveCfg = Release|Any CPU
		{0E74CE60-51BB-4904-9632-1B1C9208CA88}.Release|x64.Build.0 = Release|Any CPU
		{0E74CE60-51BB-4904-9632-1B1C9208CA88}.Release|x86.ActiveCfg = Release|Any CPU
		{0E74CE60-51BB-4904-9632-1B1C9208CA88}.Release|x86.Build.0 = Release|Any CPU
		{60B7F7E6-F74C-45C9-926B-9B84CEF2A505}.Debug|Any CPU.ActiveCfg = Debug|Any CPU
		{60B7F7E6-F74C-45C9-926B-9B84CEF2A505}.Debug|Any CPU.Build.0 = Debug|Any CPU
		{60B7F7E6-F74C-45C9-926B-9B84CEF2A505}.Debug|x64.ActiveCfg = Debug|Any CPU
		{60B7F7E6-F74C-45C9-926B-9B84CEF2A505}.Debug|x64.Build.0 = Debug|Any CPU
		{60B7F7E6-F74C-45C9-926B-9B84CEF2A505}.Debug|x86.ActiveCfg = Debug|Any CPU
		{60B7F7E6-F74C-45C9-926B-9B84CEF2A505}.Debug|x86.Build.0 = Debug|Any CPU
		{60B7F7E6-F74C-45C9-926B-9B84CEF2A505}.Release|Any CPU.ActiveCfg = Release|Any CPU
		{60B7F7E6-F74C-45C9-926B-9B84CEF2A505}.Release|Any CPU.Build.0 = Release|Any CPU
		{60B7F7E6-F74C-45C9-926B-9B84CEF2A505}.Release|x64.ActiveCfg = Release|Any CPU
		{60B7F7E6-F74C-45C9-926B-9B84CEF2A505}.Release|x64.Build.0 = Release|Any CPU
		{60B7F7E6-F74C-45C9-926B-9B84CEF2A505}.Release|x86.ActiveCfg = Release|Any CPU
		{60B7F7E6-F74C-45C9-926B-9B84CEF2A505}.Release|x86.Build.0 = Release|Any CPU
	EndGlobalSection
	GlobalSection(NestedProjects) = preSolution
		{0E74CE60-51BB-4904-9632-1B1C9208CA88} = {CE5D1DA7-A095-4F69-95BE-CEC80B90905D}
		{60B7F7E6-F74C-45C9-926B-9B84CEF2A505} = {50DD8049-382C-4693-BE0C-3AE0C9C61283}
	EndGlobalSection
EndGlobal
